
Microsoft Visual Studio Solution File, Format Version 12.00
# Visual Studio 15
VisualStudioVersion = 15.0.26730.3
MinimumVisualStudioVersion = 10.0.40219.1
Project("{FAE04EC0-301F-11D3-BF4B-00C04F79EFBC}") = "MyOrdersAppService", "MyOrdersAppService\MyOrdersAppService.csproj", "{446B1072-7FEF-4E0D-A431-00094F72A87F}"
EndProject
Project("{FAE04EC0-301F-11D3-BF4B-00C04F79EFBC}") = "MyOrdersAppService.NetCore", "MyOrdersAppService.NetCore\MyOrdersAppService.NetCore.csproj", "{07BED285-43DC-4D95-97EF-9502CC5558FF}"
EndProject
Project("{E53339B2-1760-4266-BCC7-CA923CBCF16C}") = "docker-compose", "docker-compose.dcproj", "{16023CE0-0261-4112-A5B6-B9EC6E553EF6}"
EndProject
Global
	GlobalSection(SolutionConfigurationPlatforms) = preSolution
		Debug|Any CPU = Debug|Any CPU
		Release|Any CPU = Release|Any CPU
	EndGlobalSection
	GlobalSection(ProjectConfigurationPlatforms) = postSolution
		{446B1072-7FEF-4E0D-A431-00094F72A87F}.Debug|Any CPU.ActiveCfg = Debug|Any CPU
		{446B1072-7FEF-4E0D-A431-00094F72A87F}.Debug|Any CPU.Build.0 = Debug|Any CPU
		{446B1072-7FEF-4E0D-A431-00094F72A87F}.Release|Any CPU.ActiveCfg = Release|Any CPU
		{446B1072-7FEF-4E0D-A431-00094F72A87F}.Release|Any CPU.Build.0 = Release|Any CPU
		{07BED285-43DC-4D95-97EF-9502CC5558FF}.Debug|Any CPU.ActiveCfg = Debug|Any CPU
		{07BED285-43DC-4D95-97EF-9502CC5558FF}.Debug|Any CPU.Build.0 = Debug|Any CPU
		{07BED285-43DC-4D95-97EF-9502CC5558FF}.Release|Any CPU.ActiveCfg = Release|Any CPU
		{07BED285-43DC-4D95-97EF-9502CC5558FF}.Release|Any CPU.Build.0 = Release|Any CPU
		{16023CE0-0261-4112-A5B6-B9EC6E553EF6}.Debug|Any CPU.ActiveCfg = Debug|Any CPU
		{16023CE0-0261-4112-A5B6-B9EC6E553EF6}.Debug|Any CPU.Build.0 = Debug|Any CPU
		{16023CE0-0261-4112-A5B6-B9EC6E553EF6}.Release|Any CPU.ActiveCfg = Release|Any CPU
		{16023CE0-0261-4112-A5B6-B9EC6E553EF6}.Release|Any CPU.Build.0 = Release|Any CPU
	EndGlobalSection
	GlobalSection(SolutionProperties) = preSolution
		HideSolutionNode = FALSE
	EndGlobalSection
	GlobalSection(ExtensibilityGlobals) = postSolution
		SolutionGuid = {46111F97-89EC-445B-ABF7-698C613C4AA4}
	EndGlobalSection
EndGlobal
